
Microsoft Visual Studio Solution File, Format Version 12.00
# Visual Studio Version 17
VisualStudioVersion = 17.10.35004.147
MinimumVisualStudioVersion = 10.0.40219.1
Project("{FAE04EC0-301F-11D3-BF4B-00C04F79EFBC}") = "login_screen", "login_screen.csproj", "{F34EB9DB-0D89-44BC-9DBF-341EC2CF6890}"
EndProject
Global
	GlobalSection(SolutionConfigurationPlatforms) = preSolution
		Debug|Any CPU = Debug|Any CPU
		Release|Any CPU = Release|Any CPU
	EndGlobalSection
	GlobalSection(ProjectConfigurationPlatforms) = postSolution
		{F34EB9DB-0D89-44BC-9DBF-341EC2CF6890}.Debug|Any CPU.ActiveCfg = Debug|Any CPU
		{F34EB9DB-0D89-44BC-9DBF-341EC2CF6890}.Debug|Any CPU.Build.0 = Debug|Any CPU
		{F34EB9DB-0D89-44BC-9DBF-341EC2CF6890}.Release|Any CPU.ActiveCfg = Release|Any CPU
		{F34EB9DB-0D89-44BC-9DBF-341EC2CF6890}.Release|Any CPU.Build.0 = Release|Any CPU
	EndGlobalSection
	GlobalSection(SolutionProperties) = preSolution
		HideSolutionNode = FALSE
	EndGlobalSection
	GlobalSection(ExtensibilityGlobals) = postSolution
		SolutionGuid = {892C28DD-6991-48CD-A57C-0AF516A797D2}
	EndGlobalSection
EndGlobal
