
Microsoft Visual Studio Solution File, Format Version 12.00
# Visual Studio Version 17
VisualStudioVersion = 17.10.35004.147
MinimumVisualStudioVersion = 10.0.40219.1
Project("{FAE04EC0-301F-11D3-BF4B-00C04F79EFBC}") = "DrawingApp", "DrawingApp.csproj", "{E3EBA2E6-C103-498A-A452-82C3E748E8CA}"
EndProject
Global
	GlobalSection(SolutionConfigurationPlatforms) = preSolution
		Debug|Any CPU = Debug|Any CPU
		Release|Any CPU = Release|Any CPU
	EndGlobalSection
	GlobalSection(ProjectConfigurationPlatforms) = postSolution
		{E3EBA2E6-C103-498A-A452-82C3E748E8CA}.Debug|Any CPU.ActiveCfg = Debug|Any CPU
		{E3EBA2E6-C103-498A-A452-82C3E748E8CA}.Debug|Any CPU.Build.0 = Debug|Any CPU
		{E3EBA2E6-C103-498A-A452-82C3E748E8CA}.Release|Any CPU.ActiveCfg = Release|Any CPU
		{E3EBA2E6-C103-498A-A452-82C3E748E8CA}.Release|Any CPU.Build.0 = Release|Any CPU
	EndGlobalSection
	GlobalSection(SolutionProperties) = preSolution
		HideSolutionNode = FALSE
	EndGlobalSection
	GlobalSection(ExtensibilityGlobals) = postSolution
		SolutionGuid = {6CDB9BA4-EEA9-4AF1-A6D5-4FEF75AF8BB1}
	EndGlobalSection
EndGlobal
